// !$*UTF8*$!
{
	archiveVersion = 1;
	classes = {
	};
	objectVersion = 46;
	objects = {

/* Begin PBXBuildFile section */
		5F3E284BA23B9249AE7F80EF /* libPods.a in Frameworks */ = {isa = PBXBuildFile; fileRef = 0B4F8BBAB954D0A131D633F3 /* libPods.a */; };
		D48A1AD11BAFBD0100B1B0B4 /* main.m in Sources */ = {isa = PBXBuildFile; fileRef = D48A1AD01BAFBD0100B1B0B4 /* main.m */; };
		D48A1AD41BAFBD0100B1B0B4 /* AppDelegate.m in Sources */ = {isa = PBXBuildFile; fileRef = D48A1AD31BAFBD0100B1B0B4 /* AppDelegate.m */; };
		D48A1AD71BAFBD0100B1B0B4 /* ViewController.m in Sources */ = {isa = PBXBuildFile; fileRef = D48A1AD61BAFBD0100B1B0B4 /* ViewController.m */; };
		D48A1ADA1BAFBD0100B1B0B4 /* Main.storyboard in Resources */ = {isa = PBXBuildFile; fileRef = D48A1AD81BAFBD0100B1B0B4 /* Main.storyboard */; };
		D48A1ADC1BAFBD0100B1B0B4 /* Assets.xcassets in Resources */ = {isa = PBXBuildFile; fileRef = D48A1ADB1BAFBD0100B1B0B4 /* Assets.xcassets */; };
		D48A1ADF1BAFBD0100B1B0B4 /* LaunchScreen.storyboard in Resources */ = {isa = PBXBuildFile; fileRef = D48A1ADD1BAFBD0100B1B0B4 /* LaunchScreen.storyboard */; };
		D48A1AEA1BAFBD0100B1B0B4 /* searchDemoTests.m in Sources */ = {isa = PBXBuildFile; fileRef = D48A1AE91BAFBD0100B1B0B4 /* searchDemoTests.m */; };
		D48A1AF51BAFBD0200B1B0B4 /* searchDemoUITests.m in Sources */ = {isa = PBXBuildFile; fileRef = D48A1AF41BAFBD0200B1B0B4 /* searchDemoUITests.m */; };
		D49E956F1BAFE1F50074786F /* PoperView.m in Sources */ = {isa = PBXBuildFile; fileRef = D49E956E1BAFE1F50074786F /* PoperView.m */; settings = {ASSET_TAGS = (); }; };
/* End PBXBuildFile section */

/* Begin PBXContainerItemProxy section */
		D48A1AE61BAFBD0100B1B0B4 /* PBXContainerItemProxy */ = {
			isa = PBXContainerItemProxy;
			containerPortal = D48A1AC41BAFBD0100B1B0B4 /* Project object */;
			proxyType = 1;
			remoteGlobalIDString = D48A1ACB1BAFBD0100B1B0B4;
			remoteInfo = searchDemo;
		};
		D48A1AF11BAFBD0100B1B0B4 /* PBXContainerItemProxy */ = {
			isa = PBXContainerItemProxy;
			containerPortal = D48A1AC41BAFBD0100B1B0B4 /* Project object */;
			proxyType = 1;
			remoteGlobalIDString = D48A1ACB1BAFBD0100B1B0B4;
			remoteInfo = searchDemo;
		};
/* End PBXContainerItemProxy section */

/* Begin PBXFileReference section */
		0B4F8BBAB954D0A131D633F3 /* libPods.a */ = {isa = PBXFileReference; explicitFileType = archive.ar; includeInIndex = 0; path = libPods.a; sourceTree = BUILT_PRODUCTS_DIR; };
		248E671EDF05E3F5A3FD69EF /* Pods.release.xcconfig */ = {isa = PBXFileReference; includeInIndex = 1; lastKnownFileType = text.xcconfig; name = Pods.release.xcconfig; path = "Pods/Target Support Files/Pods/Pods.release.xcconfig"; sourceTree = "<group>"; };
		D48A1ACC1BAFBD0100B1B0B4 /* searchDemo.app */ = {isa = PBXFileReference; explicitFileType = wrapper.application; includeInIndex = 0; path = searchDemo.app; sourceTree = BUILT_PRODUCTS_DIR; };
		D48A1AD01BAFBD0100B1B0B4 /* main.m */ = {isa = PBXFileReference; lastKnownFileType = sourcecode.c.objc; path = main.m; sourceTree = "<group>"; };
		D48A1AD21BAFBD0100B1B0B4 /* AppDelegate.h */ = {isa = PBXFileReference; lastKnownFileType = sourcecode.c.h; path = AppDelegate.h; sourceTree = "<group>"; };
		D48A1AD31BAFBD0100B1B0B4 /* AppDelegate.m */ = {isa = PBXFileReference; lastKnownFileType = sourcecode.c.objc; path = AppDelegate.m; sourceTree = "<group>"; };
		D48A1AD51BAFBD0100B1B0B4 /* ViewController.h */ = {isa = PBXFileReference; lastKnownFileType = sourcecode.c.h; path = ViewController.h; sourceTree = "<group>"; };
		D48A1AD61BAFBD0100B1B0B4 /* ViewController.m */ = {isa = PBXFileReference; lastKnownFileType = sourcecode.c.objc; path = ViewController.m; sourceTree = "<group>"; };
		D48A1AD91BAFBD0100B1B0B4 /* Base */ = {isa = PBXFileReference; lastKnownFileType = file.storyboard; name = Base; path = Base.lproj/Main.storyboard; sourceTree = "<group>"; };
		D48A1ADB1BAFBD0100B1B0B4 /* Assets.xcassets */ = {isa = PBXFileReference; lastKnownFileType = folder.assetcatalog; path = Assets.xcassets; sourceTree = "<group>"; };
		D48A1ADE1BAFBD0100B1B0B4 /* Base */ = {isa = PBXFileReference; lastKnownFileType = file.storyboard; name = Base; path = Base.lproj/LaunchScreen.storyboard; sourceTree = "<group>"; };
		D48A1AE01BAFBD0100B1B0B4 /* Info.plist */ = {isa = PBXFileReference; lastKnownFileType = text.plist.xml; path = Info.plist; sourceTree = "<group>"; };
		D48A1AE51BAFBD0100B1B0B4 /* searchDemoTests.xctest */ = {isa = PBXFileReference; explicitFileType = wrapper.cfbundle; includeInIndex = 0; path = searchDemoTests.xctest; sourceTree = BUILT_PRODUCTS_DIR; };
		D48A1AE91BAFBD0100B1B0B4 /* searchDemoTests.m */ = {isa = PBXFileReference; lastKnownFileType = sourcecode.c.objc; path = searchDemoTests.m; sourceTree = "<group>"; };
		D48A1AEB1BAFBD0100B1B0B4 /* Info.plist */ = {isa = PBXFileReference; lastKnownFileType = text.plist.xml; path = Info.plist; sourceTree = "<group>"; };
		D48A1AF01BAFBD0100B1B0B4 /* searchDemoUITests.xctest */ = {isa = PBXFileReference; explicitFileType = wrapper.cfbundle; includeInIndex = 0; path = searchDemoUITests.xctest; sourceTree = BUILT_PRODUCTS_DIR; };
		D48A1AF41BAFBD0200B1B0B4 /* searchDemoUITests.m */ = {isa = PBXFileReference; lastKnownFileType = sourcecode.c.objc; path = searchDemoUITests.m; sourceTree = "<group>"; };
		D48A1AF61BAFBD0200B1B0B4 /* Info.plist */ = {isa = PBXFileReference; lastKnownFileType = text.plist.xml; path = Info.plist; sourceTree = "<group>"; };
		D49E956D1BAFE1F50074786F /* PoperView.h */ = {isa = PBXFileReference; fileEncoding = 4; lastKnownFileType = sourcecode.c.h; path = PoperView.h; sourceTree = "<group>"; };
		D49E956E1BAFE1F50074786F /* PoperView.m */ = {isa = PBXFileReference; fileEncoding = 4; lastKnownFileType = sourcecode.c.objc; path = PoperView.m; sourceTree = "<group>"; };
		EB47E9559DB9C10779DBCCFB /* Pods.debug.xcconfig */ = {isa = PBXFileReference; includeInIndex = 1; lastKnownFileType = text.xcconfig; name = Pods.debug.xcconfig; path = "Pods/Target Support Files/Pods/Pods.debug.xcconfig"; sourceTree = "<group>"; };
/* End PBXFileReference section */

/* Begin PBXFrameworksBuildPhase section */
		D48A1AC91BAFBD0100B1B0B4 /* Frameworks */ = {
			isa = PBXFrameworksBuildPhase;
			buildActionMask = 2147483647;
			files = (
				5F3E284BA23B9249AE7F80EF /* libPods.a in Frameworks */,
			);
			runOnlyForDeploymentPostprocessing = 0;
		};
		D48A1AE21BAFBD0100B1B0B4 /* Frameworks */ = {
			isa = PBXFrameworksBuildPhase;
			buildActionMask = 2147483647;
			files = (
			);
			runOnlyForDeploymentPostprocessing = 0;
		};
		D48A1AED1BAFBD0100B1B0B4 /* Frameworks */ = {
			isa = PBXFrameworksBuildPhase;
			buildActionMask = 2147483647;
			files = (
			);
			runOnlyForDeploymentPostprocessing = 0;
		};
/* End PBXFrameworksBuildPhase section */

/* Begin PBXGroup section */
		471B31D82C25788D43EDEBC1 /* Frameworks */ = {
			isa = PBXGroup;
			children = (
				0B4F8BBAB954D0A131D633F3 /* libPods.a */,
			);
			name = Frameworks;
			sourceTree = "<group>";
		};
		834F527190D8606B07CA7E1A /* Pods */ = {
			isa = PBXGroup;
			children = (
				EB47E9559DB9C10779DBCCFB /* Pods.debug.xcconfig */,
				248E671EDF05E3F5A3FD69EF /* Pods.release.xcconfig */,
			);
			name = Pods;
			sourceTree = "<group>";
		};
		D48A1AC31BAFBD0100B1B0B4 = {
			isa = PBXGroup;
			children = (
				D48A1ACE1BAFBD0100B1B0B4 /* searchDemo */,
				D48A1AE81BAFBD0100B1B0B4 /* searchDemoTests */,
				D48A1AF31BAFBD0200B1B0B4 /* searchDemoUITests */,
				D48A1ACD1BAFBD0100B1B0B4 /* Products */,
				834F527190D8606B07CA7E1A /* Pods */,
				471B31D82C25788D43EDEBC1 /* Frameworks */,
			);
			sourceTree = "<group>";
		};
		D48A1ACD1BAFBD0100B1B0B4 /* Products */ = {
			isa = PBXGroup;
			children = (
				D48A1ACC1BAFBD0100B1B0B4 /* searchDemo.app */,
				D48A1AE51BAFBD0100B1B0B4 /* searchDemoTests.xctest */,
				D48A1AF01BAFBD0100B1B0B4 /* searchDemoUITests.xctest */,
			);
			name = Products;
			sourceTree = "<group>";
		};
		D48A1ACE1BAFBD0100B1B0B4 /* searchDemo */ = {
			isa = PBXGroup;
			children = (
				D48A1AD21BAFBD0100B1B0B4 /* AppDelegate.h */,
				D48A1AD31BAFBD0100B1B0B4 /* AppDelegate.m */,
				D48A1AD51BAFBD0100B1B0B4 /* ViewController.h */,
				D48A1AD61BAFBD0100B1B0B4 /* ViewController.m */,
				D49E956D1BAFE1F50074786F /* PoperView.h */,
				D49E956E1BAFE1F50074786F /* PoperView.m */,
				D48A1AD81BAFBD0100B1B0B4 /* Main.storyboard */,
				D48A1ADB1BAFBD0100B1B0B4 /* Assets.xcassets */,
				D48A1ADD1BAFBD0100B1B0B4 /* LaunchScreen.storyboard */,
				D48A1AE01BAFBD0100B1B0B4 /* Info.plist */,
				D48A1ACF1BAFBD0100B1B0B4 /* Supporting Files */,
			);
			path = searchDemo;
			sourceTree = "<group>";
		};
		D48A1ACF1BAFBD0100B1B0B4 /* Supporting Files */ = {
			isa = PBXGroup;
			children = (
				D48A1AD01BAFBD0100B1B0B4 /* main.m */,
			);
			name = "Supporting Files";
			sourceTree = "<group>";
		};
		D48A1AE81BAFBD0100B1B0B4 /* searchDemoTests */ = {
			isa = PBXGroup;
			children = (
				D48A1AE91BAFBD0100B1B0B4 /* searchDemoTests.m */,
				D48A1AEB1BAFBD0100B1B0B4 /* Info.plist */,
			);
			path = searchDemoTests;
			sourceTree = "<group>";
		};
		D48A1AF31BAFBD0200B1B0B4 /* searchDemoUITests */ = {
			isa = PBXGroup;
			children = (
				D48A1AF41BAFBD0200B1B0B4 /* searchDemoUITests.m */,
				D48A1AF61BAFBD0200B1B0B4 /* Info.plist */,
			);
			path = searchDemoUITests;
			sourceTree = "<group>";
		};
/* End PBXGroup section */

/* Begin PBXNativeTarget section */
		D48A1ACB1BAFBD0100B1B0B4 /* searchDemo */ = {
			isa = PBXNativeTarget;
			buildConfigurationList = D48A1AF91BAFBD0200B1B0B4 /* Build configuration list for PBXNativeTarget "searchDemo" */;
			buildPhases = (
				1B35D920DF3D9CDB569DACBC /* Check Pods Manifest.lock */,
				D48A1AC81BAFBD0100B1B0B4 /* Sources */,
				D48A1AC91BAFBD0100B1B0B4 /* Frameworks */,
				D48A1ACA1BAFBD0100B1B0B4 /* Resources */,
				E00BC67490637E1445D2C33A /* Copy Pods Resources */,
			);
			buildRules = (
			);
			dependencies = (
			);
			name = searchDemo;
			productName = searchDemo;
			productReference = D48A1ACC1BAFBD0100B1B0B4 /* searchDemo.app */;
			productType = "com.apple.product-type.application";
		};
		D48A1AE41BAFBD0100B1B0B4 /* searchDemoTests */ = {
			isa = PBXNativeTarget;
			buildConfigurationList = D48A1AFC1BAFBD0200B1B0B4 /* Build configuration list for PBXNativeTarget "searchDemoTests" */;
			buildPhases = (
				D48A1AE11BAFBD0100B1B0B4 /* Sources */,
				D48A1AE21BAFBD0100B1B0B4 /* Frameworks */,
				D48A1AE31BAFBD0100B1B0B4 /* Resources */,
			);
			buildRules = (
			);
			dependencies = (
				D48A1AE71BAFBD0100B1B0B4 /* PBXTargetDependency */,
			);
			name = searchDemoTests;
			productName = searchDemoTests;
			productReference = D48A1AE51BAFBD0100B1B0B4 /* searchDemoTests.xctest */;
			productType = "com.apple.product-type.bundle.unit-test";
		};
		D48A1AEF1BAFBD0100B1B0B4 /* searchDemoUITests */ = {
			isa = PBXNativeTarget;
			buildConfigurationList = D48A1AFF1BAFBD0200B1B0B4 /* Build configuration list for PBXNativeTarget "searchDemoUITests" */;
			buildPhases = (
				D48A1AEC1BAFBD0100B1B0B4 /* Sources */,
				D48A1AED1BAFBD0100B1B0B4 /* Frameworks */,
				D48A1AEE1BAFBD0100B1B0B4 /* Resources */,
			);
			buildRules = (
			);
			dependencies = (
				D48A1AF21BAFBD0100B1B0B4 /* PBXTargetDependency */,
			);
			name = searchDemoUITests;
			productName = searchDemoUITests;
			productReference = D48A1AF01BAFBD0100B1B0B4 /* searchDemoUITests.xctest */;
			productType = "com.apple.product-type.bundle.ui-testing";
		};
/* End PBXNativeTarget section */

/* Begin PBXProject section */
		D48A1AC41BAFBD0100B1B0B4 /* Project object */ = {
			isa = PBXProject;
			attributes = {
				LastUpgradeCheck = 0700;
				ORGANIZATIONNAME = "牟亚诚";
				TargetAttributes = {
					D48A1ACB1BAFBD0100B1B0B4 = {
						CreatedOnToolsVersion = 7.0;
						DevelopmentTeam = 6UW68R7VSR;
					};
					D48A1AE41BAFBD0100B1B0B4 = {
						CreatedOnToolsVersion = 7.0;
						DevelopmentTeam = 6UW68R7VSR;
						TestTargetID = D48A1ACB1BAFBD0100B1B0B4;
					};
					D48A1AEF1BAFBD0100B1B0B4 = {
						CreatedOnToolsVersion = 7.0;
						DevelopmentTeam = 6UW68R7VSR;
						TestTargetID = D48A1ACB1BAFBD0100B1B0B4;
					};
				};
			};
			buildConfigurationList = D48A1AC71BAFBD0100B1B0B4 /* Build configuration list for PBXProject "searchDemo" */;
			compatibilityVersion = "Xcode 3.2";
			developmentRegion = English;
			hasScannedForEncodings = 0;
			knownRegions = (
				en,
				Base,
			);
			mainGroup = D48A1AC31BAFBD0100B1B0B4;
			productRefGroup = D48A1ACD1BAFBD0100B1B0B4 /* Products */;
			projectDirPath = "";
			projectRoot = "";
			targets = (
				D48A1ACB1BAFBD0100B1B0B4 /* searchDemo */,
				D48A1AE41BAFBD0100B1B0B4 /* searchDemoTests */,
				D48A1AEF1BAFBD0100B1B0B4 /* searchDemoUITests */,
			);
		};
/* End PBXProject section */

/* Begin PBXResourcesBuildPhase section */
		D48A1ACA1BAFBD0100B1B0B4 /* Resources */ = {
			isa = PBXResourcesBuildPhase;
			buildActionMask = 2147483647;
			files = (
				D48A1ADF1BAFBD0100B1B0B4 /* LaunchScreen.storyboard in Resources */,
				D48A1ADC1BAFBD0100B1B0B4 /* Assets.xcassets in Resources */,
				D48A1ADA1BAFBD0100B1B0B4 /* Main.storyboard in Resources */,
			);
			runOnlyForDeploymentPostprocessing = 0;
		};
		D48A1AE31BAFBD0100B1B0B4 /* Resources */ = {
			isa = PBXResourcesBuildPhase;
			buildActionMask = 2147483647;
			files = (
			);
			runOnlyForDeploymentPostprocessing = 0;
		};
		D48A1AEE1BAFBD0100B1B0B4 /* Resources */ = {
			isa = PBXResourcesBuildPhase;
			buildActionMask = 2147483647;
			files = (
			);
			runOnlyForDeploymentPostprocessing = 0;
		};
/* End PBXResourcesBuildPhase section */

/* Begin PBXShellScriptBuildPhase section */
		1B35D920DF3D9CDB569DACBC /* Check Pods Manifest.lock */ = {
			isa = PBXShellScriptBuildPhase;
			buildActionMask = 2147483647;
			files = (
			);
			inputPaths = (
			);
			name = "Check Pods Manifest.lock";
			outputPaths = (
			);
			runOnlyForDeploymentPostprocessing = 0;
			shellPath = /bin/sh;
			shellScript = "diff \"${PODS_ROOT}/../Podfile.lock\" \"${PODS_ROOT}/Manifest.lock\" > /dev/null\nif [[ $? != 0 ]] ; then\n    cat << EOM\nerror: The sandbox is not in sync with the Podfile.lock. Run 'pod install' or update your CocoaPods installation.\nEOM\n    exit 1\nfi\n";
			showEnvVarsInLog = 0;
		};
		E00BC67490637E1445D2C33A /* Copy Pods Resources */ = {
			isa = PBXShellScriptBuildPhase;
			buildActionMask = 2147483647;
			files = (
			);
			inputPaths = (
			);
			name = "Copy Pods Resources";
			outputPaths = (
			);
			runOnlyForDeploymentPostprocessing = 0;
			shellPath = /bin/sh;
			shellScript = "\"${SRCROOT}/Pods/Target Support Files/Pods/Pods-resources.sh\"\n";
			showEnvVarsInLog = 0;
		};
/* End PBXShellScriptBuildPhase section */

/* Begin PBXSourcesBuildPhase section */
		D48A1AC81BAFBD0100B1B0B4 /* Sources */ = {
			isa = PBXSourcesBuildPhase;
			buildActionMask = 2147483647;
			files = (
				D48A1AD71BAFBD0100B1B0B4 /* ViewController.m in Sources */,
				D48A1AD41BAFBD0100B1B0B4 /* AppDelegate.m in Sources */,
				D48A1AD11BAFBD0100B1B0B4 /* main.m in Sources */,
				D49E956F1BAFE1F50074786F /* PoperView.m in Sources */,
			);
			runOnlyForDeploymentPostprocessing = 0;
		};
		D48A1AE11BAFBD0100B1B0B4 /* Sources */ = {
			isa = PBXSourcesBuildPhase;
			buildActionMask = 2147483647;
			files = (
				D48A1AEA1BAFBD0100B1B0B4 /* searchDemoTests.m in Sources */,
			);
			runOnlyForDeploymentPostprocessing = 0;
		};
		D48A1AEC1BAFBD0100B1B0B4 /* Sources */ = {
			isa = PBXSourcesBuildPhase;
			buildActionMask = 2147483647;
			files = (
				D48A1AF51BAFBD0200B1B0B4 /* searchDemoUITests.m in Sources */,
			);
			runOnlyForDeploymentPostprocessing = 0;
		};
/* End PBXSourcesBuildPhase section */

/* Begin PBXTargetDependency section */
		D48A1AE71BAFBD0100B1B0B4 /* PBXTargetDependency */ = {
			isa = PBXTargetDependency;
			target = D48A1ACB1BAFBD0100B1B0B4 /* searchDemo */;
			targetProxy = D48A1AE61BAFBD0100B1B0B4 /* PBXContainerItemProxy */;
		};
		D48A1AF21BAFBD0100B1B0B4 /* PBXTargetDependency */ = {
			isa = PBXTargetDependency;
			target = D48A1ACB1BAFBD0100B1B0B4 /* searchDemo */;
			targetProxy = D48A1AF11BAFBD0100B1B0B4 /* PBXContainerItemProxy */;
		};
/* End PBXTargetDependency section */

/* Begin PBXVariantGroup section */
		D48A1AD81BAFBD0100B1B0B4 /* Main.storyboard */ = {
			isa = PBXVariantGroup;
			children = (
				D48A1AD91BAFBD0100B1B0B4 /* Base */,
			);
			name = Main.storyboard;
			sourceTree = "<group>";
		};
		D48A1ADD1BAFBD0100B1B0B4 /* LaunchScreen.storyboard */ = {
			isa = PBXVariantGroup;
			children = (
				D48A1ADE1BAFBD0100B1B0B4 /* Base */,
			);
			name = LaunchScreen.storyboard;
			sourceTree = "<group>";
		};
/* End PBXVariantGroup section */

/* Begin XCBuildConfiguration section */
		D48A1AF71BAFBD0200B1B0B4 /* Debug */ = {
			isa = XCBuildConfiguration;
			buildSettings = {
				ALWAYS_SEARCH_USER_PATHS = NO;
				CLANG_CXX_LANGUAGE_STANDARD = "gnu++0x";
				CLANG_CXX_LIBRARY = "libc++";
				CLANG_ENABLE_MODULES = YES;
				CLANG_ENABLE_OBJC_ARC = YES;
				CLANG_WARN_BOOL_CONVERSION = YES;
				CLANG_WARN_CONSTANT_CONVERSION = YES;
				CLANG_WARN_DIRECT_OBJC_ISA_USAGE = YES_ERROR;
				CLANG_WARN_EMPTY_BODY = YES;
				CLANG_WARN_ENUM_CONVERSION = YES;
				CLANG_WARN_INT_CONVERSION = YES;
				CLANG_WARN_OBJC_ROOT_CLASS = YES_ERROR;
				CLANG_WARN_UNREACHABLE_CODE = YES;
				CLANG_WARN__DUPLICATE_METHOD_MATCH = YES;
				"CODE_SIGN_IDENTITY[sdk=iphoneos*]" = "iPhone Developer";
				COPY_PHASE_STRIP = NO;
				DEBUG_INFORMATION_FORMAT = dwarf;
				ENABLE_STRICT_OBJC_MSGSEND = YES;
				ENABLE_TESTABILITY = YES;
				GCC_C_LANGUAGE_STANDARD = gnu99;
				GCC_DYNAMIC_NO_PIC = NO;
				GCC_NO_COMMON_BLOCKS = YES;
				GCC_OPTIMIZATION_LEVEL = 0;
				GCC_PREPROCESSOR_DEFINITIONS = (
					"DEBUG=1",
					"$(inherited)",
				);
				GCC_WARN_64_TO_32_BIT_CONVERSION = YES;
				GCC_WARN_ABOUT_RETURN_TYPE = YES_ERROR;
				GCC_WARN_UNDECLARED_SELECTOR = YES;
				GCC_WARN_UNINITIALIZED_AUTOS = YES_AGGRESSIVE;
				GCC_WARN_UNUSED_FUNCTION = YES;
				GCC_WARN_UNUSED_VARIABLE = YES;
				IPHONEOS_DEPLOYMENT_TARGET = 9.0;
				MTL_ENABLE_DEBUG_INFO = YES;
				ONLY_ACTIVE_ARCH = YES;
				SDKROOT = iphoneos;
			};
			name = Debug;
		};
		D48A1AF81BAFBD0200B1B0B4 /* Release */ = {
			isa = XCBuildConfiguration;
			buildSettings = {
				ALWAYS_SEARCH_USER_PATHS = NO;
				CLANG_CXX_LANGUAGE_STANDARD = "gnu++0x";
				CLANG_CXX_LIBRARY = "libc++";
				CLANG_ENABLE_MODULES = YES;
				CLANG_ENABLE_OBJC_ARC = YES;
				CLANG_WARN_BOOL_CONVERSION = YES;
				CLANG_WARN_CONSTANT_CONVERSION = YES;
				CLANG_WARN_DIRECT_OBJC_ISA_USAGE = YES_ERROR;
				CLANG_WARN_EMPTY_BODY = YES;
				CLANG_WARN_ENUM_CONVERSION = YES;
				CLANG_WARN_INT_CONVERSION = YES;
				CLANG_WARN_OBJC_ROOT_CLASS = YES_ERROR;
				CLANG_WARN_UNREACHABLE_CODE = YES;
				CLANG_WARN__DUPLICATE_METHOD_MATCH = YES;
				"CODE_SIGN_IDENTITY[sdk=iphoneos*]" = "iPhone Developer";
				COPY_PHASE_STRIP = NO;
				DEBUG_INFORMATION_FORMAT = "dwarf-with-dsym";
				ENABLE_NS_ASSERTIONS = NO;
				ENABLE_STRICT_OBJC_MSGSEND = YES;
				GCC_C_LANGUAGE_STANDARD = gnu99;
				GCC_NO_COMMON_BLOCKS = YES;
				GCC_WARN_64_TO_32_BIT_CONVERSION = YES;
				GCC_WARN_ABOUT_RETURN_TYPE = YES_ERROR;
				GCC_WARN_UNDECLARED_SELECTOR = YES;
				GCC_WARN_UNINITIALIZED_AUTOS = YES_AGGRESSIVE;
				GCC_WARN_UNUSED_FUNCTION = YES;
				GCC_WARN_UNUSED_VARIABLE = YES;
				IPHONEOS_DEPLOYMENT_TARGET = 9.0;
				MTL_ENABLE_DEBUG_INFO = NO;
				SDKROOT = iphoneos;
				VALIDATE_PRODUCT = YES;
			};
			name = Release;
		};
		D48A1AFA1BAFBD0200B1B0B4 /* Debug */ = {
			isa = XCBuildConfiguration;
			baseConfigurationReference = EB47E9559DB9C10779DBCCFB /* Pods.debug.xcconfig */;
			buildSettings = {
				ASSETCATALOG_COMPILER_APPICON_NAME = AppIcon;
				INFOPLIST_FILE = searchDemo/Info.plist;
				LD_RUNPATH_SEARCH_PATHS = "$(inherited) @executable_path/Frameworks";
				PRODUCT_BUNDLE_IDENTIFIER = com.myc.searchDemo;
				PRODUCT_NAME = "$(TARGET_NAME)";
			};
			name = Debug;
		};
		D48A1AFB1BAFBD0200B1B0B4 /* Release */ = {
			isa = XCBuildConfiguration;
			baseConfigurationReference = 248E671EDF05E3F5A3FD69EF /* Pods.release.xcconfig */;
			buildSettings = {
				ASSETCATALOG_COMPILER_APPICON_NAME = AppIcon;
				INFOPLIST_FILE = searchDemo/Info.plist;
				LD_RUNPATH_SEARCH_PATHS = "$(inherited) @executable_path/Frameworks";
				PRODUCT_BUNDLE_IDENTIFIER = com.myc.searchDemo;
				PRODUCT_NAME = "$(TARGET_NAME)";
			};
			name = Release;
		};
		D48A1AFD1BAFBD0200B1B0B4 /* Debug */ = {
			isa = XCBuildConfiguration;
			buildSettings = {
				BUNDLE_LOADER = "$(TEST_HOST)";
				INFOPLIST_FILE = searchDemoTests/Info.plist;
				LD_RUNPATH_SEARCH_PATHS = "$(inherited) @executable_path/Frameworks @loader_path/Frameworks";
				PRODUCT_BUNDLE_IDENTIFIER = com.myc.searchDemoTests;
				PRODUCT_NAME = "$(TARGET_NAME)";
				TEST_HOST = "$(BUILT_PRODUCTS_DIR)/searchDemo.app/searchDemo";
			};
			name = Debug;
		};
		D48A1AFE1BAFBD0200B1B0B4 /* Release */ = {
			isa = XCBuildConfiguration;
			buildSettings = {
				BUNDLE_LOADER = "$(TEST_HOST)";
				INFOPLIST_FILE = searchDemoTests/Info.plist;
				LD_RUNPATH_SEARCH_PATHS = "$(inherited) @executable_path/Frameworks @loader_path/Frameworks";
				PRODUCT_BUNDLE_IDENTIFIER = com.myc.searchDemoTests;
				PRODUCT_NAME = "$(TARGET_NAME)";
				TEST_HOST = "$(BUILT_PRODUCTS_DIR)/searchDemo.app/searchDemo";
			};
			name = Release;
		};
		D48A1B001BAFBD0200B1B0B4 /* Debug */ = {
			isa = XCBuildConfiguration;
			buildSettings = {
				INFOPLIST_FILE = searchDemoUITests/Info.plist;
				LD_RUNPATH_SEARCH_PATHS = "$(inherited) @executable_path/Frameworks @loader_path/Frameworks";
				PRODUCT_BUNDLE_IDENTIFIER = com.myc.searchDemoUITests;
				PRODUCT_NAME = "$(TARGET_NAME)";
				TEST_TARGET_NAME = searchDemo;
				USES_XCTRUNNER = YES;
			};
			name = Debug;
		};
		D48A1B011BAFBD0200B1B0B4 /* Release */ = {
			isa = XCBuildConfiguration;
			buildSettings = {
				INFOPLIST_FILE = searchDemoUITests/Info.plist;
				LD_RUNPATH_SEARCH_PATHS = "$(inherited) @executable_path/Frameworks @loader_path/Frameworks";
				PRODUCT_BUNDLE_IDENTIFIER = com.myc.searchDemoUITests;
				PRODUCT_NAME = "$(TARGET_NAME)";
				TEST_TARGET_NAME = searchDemo;
				USES_XCTRUNNER = YES;
			};
			name = Release;
		};
/* End XCBuildConfiguration section */

/* Begin XCConfigurationList section */
		D48A1AC71BAFBD0100B1B0B4 /* Build configuration list for PBXProject "searchDemo" */ = {
			isa = XCConfigurationList;
			buildConfigurations = (
				D48A1AF71BAFBD0200B1B0B4 /* Debug */,
				D48A1AF81BAFBD0200B1B0B4 /* Release */,
			);
			defaultConfigurationIsVisible = 0;
			defaultConfigurationName = Release;
		};
		D48A1AF91BAFBD0200B1B0B4 /* Build configuration list for PBXNativeTarget "searchDemo" */ = {
			isa = XCConfigurationList;
			buildConfigurations = (
				D48A1AFA1BAFBD0200B1B0B4 /* Debug */,
				D48A1AFB1BAFBD0200B1B0B4 /* Release */,
			);
			defaultConfigurationIsVisible = 0;
			defaultConfigurationName = Release;
		};
		D48A1AFC1BAFBD0200B1B0B4 /* Build configuration list for PBXNativeTarget "searchDemoTests" */ = {
			isa = XCConfigurationList;
			buildConfigurations = (
				D48A1AFD1BAFBD0200B1B0B4 /* Debug */,
				D48A1AFE1BAFBD0200B1B0B4 /* Release */,
			);
			defaultConfigurationIsVisible = 0;
			defaultConfigurationName = Release;
		};
		D48A1AFF1BAFBD0200B1B0B4 /* Build configuration list for PBXNativeTarget "searchDemoUITests" */ = {
			isa = XCConfigurationList;
			buildConfigurations = (
				D48A1B001BAFBD0200B1B0B4 /* Debug */,
				D48A1B011BAFBD0200B1B0B4 /* Release */,
			);
			defaultConfigurationIsVisible = 0;
			defaultConfigurationName = Release;
		};
/* End XCConfigurationList section */
	};
	rootObject = D48A1AC41BAFBD0100B1B0B4 /* Project object */;
}
